
Microsoft Visual Studio Solution File, Format Version 12.00
# Visual Studio Version 16
VisualStudioVersion = 16.0.33130.400
MinimumVisualStudioVersion = 10.0.40219.1
Project("{FAE04EC0-301F-11D3-BF4B-00C04F79EFBC}") = "ConsoleApp1", "ConsoleApp1\ConsoleApp1.csproj", "{A6E33CBD-7939-440C-B9E2-552A0141F9EF}"
EndProject
Project("{FAE04EC0-301F-11D3-BF4B-00C04F79EFBC}") = "ConsoleApp2", "ConsoleApp2\ConsoleApp2.csproj", "{7060C8BD-F38F-4377-B762-8EB6BA93E16C}"
EndProject
Project("{FAE04EC0-301F-11D3-BF4B-00C04F79EFBC}") = "ConsoleApp3", "ConsoleApp3\ConsoleApp3.csproj", "{9683748B-86EE-45E5-BEBF-73BEDC357087}"
EndProject
Project("{FAE04EC0-301F-11D3-BF4B-00C04F79EFBC}") = "ConsoleApp4", "ConsoleApp4\ConsoleApp4.csproj", "{53A7E1A8-C549-4A30-A7C2-7F7F9F91383D}"
EndProject
Project("{FAE04EC0-301F-11D3-BF4B-00C04F79EFBC}") = "ConsoleApp5", "ConsoleApp5\ConsoleApp5.csproj", "{016E8F07-C1A0-4B45-B942-B022C6FD8EC6}"
EndProject
Project("{FAE04EC0-301F-11D3-BF4B-00C04F79EFBC}") = "ConsoleApp6", "ConsoleApp6\ConsoleApp6.csproj", "{AEC7C2E0-C0B5-4EF7-A912-9410ED6204FB}"
EndProject
Project("{FAE04EC0-301F-11D3-BF4B-00C04F79EFBC}") = "ConsoleApp7", "ConsoleApp7\ConsoleApp7.csproj", "{8D1BABEB-5DD8-4442-A067-B2513653A47F}"
EndProject
Project("{FAE04EC0-301F-11D3-BF4B-00C04F79EFBC}") = "ConsoleApp8", "ConsoleApp8\ConsoleApp8.csproj", "{B1928734-3B01-4F74-AA8D-E47C85A2FD66}"
EndProject
Project("{FAE04EC0-301F-11D3-BF4B-00C04F79EFBC}") = "ConsoleApp9", "ConsoleApp9\ConsoleApp9.csproj", "{79BC5C68-45BC-458D-B0ED-B0B3296CC86D}"
EndProject
Global
	GlobalSection(SolutionConfigurationPlatforms) = preSolution
		Debug|Any CPU = Debug|Any CPU
		Release|Any CPU = Release|Any CPU
	EndGlobalSection
	GlobalSection(ProjectConfigurationPlatforms) = postSolution
		{A6E33CBD-7939-440C-B9E2-552A0141F9EF}.Debug|Any CPU.ActiveCfg = Debug|Any CPU
		{A6E33CBD-7939-440C-B9E2-552A0141F9EF}.Debug|Any CPU.Build.0 = Debug|Any CPU
		{A6E33CBD-7939-440C-B9E2-552A0141F9EF}.Release|Any CPU.ActiveCfg = Release|Any CPU
		{A6E33CBD-7939-440C-B9E2-552A0141F9EF}.Release|Any CPU.Build.0 = Release|Any CPU
		{7060C8BD-F38F-4377-B762-8EB6BA93E16C}.Debug|Any CPU.ActiveCfg = Debug|Any CPU
		{7060C8BD-F38F-4377-B762-8EB6BA93E16C}.Debug|Any CPU.Build.0 = Debug|Any CPU
		{7060C8BD-F38F-4377-B762-8EB6BA93E16C}.Release|Any CPU.ActiveCfg = Release|Any CPU
		{7060C8BD-F38F-4377-B762-8EB6BA93E16C}.Release|Any CPU.Build.0 = Release|Any CPU
		{9683748B-86EE-45E5-BEBF-73BEDC357087}.Debug|Any CPU.ActiveCfg = Debug|Any CPU
		{9683748B-86EE-45E5-BEBF-73BEDC357087}.Debug|Any CPU.Build.0 = Debug|Any CPU
		{9683748B-86EE-45E5-BEBF-73BEDC357087}.Release|Any CPU.ActiveCfg = Release|Any CPU
		{9683748B-86EE-45E5-BEBF-73BEDC357087}.Release|Any CPU.Build.0 = Release|Any CPU
		{53A7E1A8-C549-4A30-A7C2-7F7F9F91383D}.Debug|Any CPU.ActiveCfg = Debug|Any CPU
		{53A7E1A8-C549-4A30-A7C2-7F7F9F91383D}.Debug|Any CPU.Build.0 = Debug|Any CPU
		{53A7E1A8-C549-4A30-A7C2-7F7F9F91383D}.Release|Any CPU.ActiveCfg = Release|Any CPU
		{53A7E1A8-C549-4A30-A7C2-7F7F9F91383D}.Release|Any CPU.Build.0 = Release|Any CPU
		{016E8F07-C1A0-4B45-B942-B022C6FD8EC6}.Debug|Any CPU.ActiveCfg = Debug|Any CPU
		{016E8F07-C1A0-4B45-B942-B022C6FD8EC6}.Debug|Any CPU.Build.0 = Debug|Any CPU
		{016E8F07-C1A0-4B45-B942-B022C6FD8EC6}.Release|Any CPU.ActiveCfg = Release|Any CPU
		{016E8F07-C1A0-4B45-B942-B022C6FD8EC6}.Release|Any CPU.Build.0 = Release|Any CPU
		{AEC7C2E0-C0B5-4EF7-A912-9410ED6204FB}.Debug|Any CPU.ActiveCfg = Debug|Any CPU
		{AEC7C2E0-C0B5-4EF7-A912-9410ED6204FB}.Debug|Any CPU.Build.0 = Debug|Any CPU
		{AEC7C2E0-C0B5-4EF7-A912-9410ED6204FB}.Release|Any CPU.ActiveCfg = Release|Any CPU
		{AEC7C2E0-C0B5-4EF7-A912-9410ED6204FB}.Release|Any CPU.Build.0 = Release|Any CPU
		{8D1BABEB-5DD8-4442-A067-B2513653A47F}.Debug|Any CPU.ActiveCfg = Debug|Any CPU
		{8D1BABEB-5DD8-4442-A067-B2513653A47F}.Debug|Any CPU.Build.0 = Debug|Any CPU
		{8D1BABEB-5DD8-4442-A067-B2513653A47F}.Release|Any CPU.ActiveCfg = Release|Any CPU
		{8D1BABEB-5DD8-4442-A067-B2513653A47F}.Release|Any CPU.Build.0 = Release|Any CPU
		{B1928734-3B01-4F74-AA8D-E47C85A2FD66}.Debug|Any CPU.ActiveCfg = Debug|Any CPU
		{B1928734-3B01-4F74-AA8D-E47C85A2FD66}.Debug|Any CPU.Build.0 = Debug|Any CPU
		{B1928734-3B01-4F74-AA8D-E47C85A2FD66}.Release|Any CPU.ActiveCfg = Release|Any CPU
		{B1928734-3B01-4F74-AA8D-E47C85A2FD66}.Release|Any CPU.Build.0 = Release|Any CPU
		{79BC5C68-45BC-458D-B0ED-B0B3296CC86D}.Debug|Any CPU.ActiveCfg = Debug|Any CPU
		{79BC5C68-45BC-458D-B0ED-B0B3296CC86D}.Debug|Any CPU.Build.0 = Debug|Any CPU
		{79BC5C68-45BC-458D-B0ED-B0B3296CC86D}.Release|Any CPU.ActiveCfg = Release|Any CPU
		{79BC5C68-45BC-458D-B0ED-B0B3296CC86D}.Release|Any CPU.Build.0 = Release|Any CPU
	EndGlobalSection
	GlobalSection(SolutionProperties) = preSolution
		HideSolutionNode = FALSE
	EndGlobalSection
	GlobalSection(ExtensibilityGlobals) = postSolution
		SolutionGuid = {75D2730F-7E6A-44F9-AA0F-DFE7499CE1EB}
	EndGlobalSection
EndGlobal
